// !$*UTF8*$!
{
	archiveVersion = 1;
	classes = {
	};
	objectVersion = 55;
	objects = {

/* Begin PBXBuildFile section */
		C873EF9D276C2A5000C53FAB /* SF-Pro-Text-Semibold.otf in Resources */ = {isa = PBXBuildFile; fileRef = C873EF9C276C2A5000C53FAB /* SF-Pro-Text-Semibold.otf */; };
		C873EF9F276C2FEF00C53FAB /* SF-Pro-Text-Regular.otf in Resources */ = {isa = PBXBuildFile; fileRef = C873EF9E276C2FEF00C53FAB /* SF-Pro-Text-Regular.otf */; };
		C873EFA1276C300500C53FAB /* SF-Pro-Display-Semibold.otf in Resources */ = {isa = PBXBuildFile; fileRef = C873EFA0276C300500C53FAB /* SF-Pro-Display-Semibold.otf */; };
		C8C6BB4E276B35E800406956 /* SceneDelegate.swift in Sources */ = {isa = PBXBuildFile; fileRef = C8C6BB35276B35E800406956 /* SceneDelegate.swift */; };
		C8C6BB4F276B35E800406956 /* LaunchScreen.storyboard in Resources */ = {isa = PBXBuildFile; fileRef = C8C6BB36276B35E800406956 /* LaunchScreen.storyboard */; };
		C8C6BB50276B35E800406956 /* HabitsViewController.swift in Sources */ = {isa = PBXBuildFile; fileRef = C8C6BB38276B35E800406956 /* HabitsViewController.swift */; };
		C8C6BB51276B35E800406956 /* HabitCollectionViewCell.swift in Sources */ = {isa = PBXBuildFile; fileRef = C8C6BB39276B35E800406956 /* HabitCollectionViewCell.swift */; };
		C8C6BB52276B35E800406956 /* ProgressCollectionViewCell.swift in Sources */ = {isa = PBXBuildFile; fileRef = C8C6BB3A276B35E800406956 /* ProgressCollectionViewCell.swift */; };
		C8C6BB53276B35E800406956 /* Constants.swift in Sources */ = {isa = PBXBuildFile; fileRef = C8C6BB3C276B35E800406956 /* Constants.swift */; };
		C8C6BB54276B35E800406956 /* CheckboxButton.swift in Sources */ = {isa = PBXBuildFile; fileRef = C8C6BB3D276B35E800406956 /* CheckboxButton.swift */; };
		C8C6BB55276B35E800406956 /* ExtensionsAndProtocols.swift in Sources */ = {isa = PBXBuildFile; fileRef = C8C6BB3E276B35E800406956 /* ExtensionsAndProtocols.swift */; };
		C8C6BB56276B35E800406956 /* InfoViewController.swift in Sources */ = {isa = PBXBuildFile; fileRef = C8C6BB40276B35E800406956 /* InfoViewController.swift */; };
		C8C6BB57276B35E800406956 /* AppDelegate.swift in Sources */ = {isa = PBXBuildFile; fileRef = C8C6BB41276B35E800406956 /* AppDelegate.swift */; };
		C8C6BB58276B35E800406956 /* Assets.xcassets in Resources */ = {isa = PBXBuildFile; fileRef = C8C6BB42276B35E800406956 /* Assets.xcassets */; };
		C8C6BB59276B35E800406956 /* HabitViewController.swift in Sources */ = {isa = PBXBuildFile; fileRef = C8C6BB44276B35E800406956 /* HabitViewController.swift */; };
		C8C6BB5A276B35E800406956 /* EditHabitViewController.swift in Sources */ = {isa = PBXBuildFile; fileRef = C8C6BB45276B35E800406956 /* EditHabitViewController.swift */; };
		C8C6BB5B276B35E800406956 /* HabitDetailsViewController.swift in Sources */ = {isa = PBXBuildFile; fileRef = C8C6BB47276B35E800406956 /* HabitDetailsViewController.swift */; };
		C8C6BB5C276B35E800406956 /* HabitDetailsHeaderView.swift in Sources */ = {isa = PBXBuildFile; fileRef = C8C6BB48276B35E800406956 /* HabitDetailsHeaderView.swift */; };
		C8C6BB5D276B35E800406956 /* HabitDetailsTableViewCell.swift in Sources */ = {isa = PBXBuildFile; fileRef = C8C6BB49276B35E800406956 /* HabitDetailsTableViewCell.swift */; };
		C8C6BB5E276B35E800406956 /* HabitsStore.swift in Sources */ = {isa = PBXBuildFile; fileRef = C8C6BB4B276B35E800406956 /* HabitsStore.swift */; };
		C8C6BB5F276B35E800406956 /* Main.storyboard in Resources */ = {isa = PBXBuildFile; fileRef = C8C6BB4C276B35E800406956 /* Main.storyboard */; };
/* End PBXBuildFile section */

/* Begin PBXFileReference section */
		C873EF9C276C2A5000C53FAB /* SF-Pro-Text-Semibold.otf */ = {isa = PBXFileReference; lastKnownFileType = file; path = "SF-Pro-Text-Semibold.otf"; sourceTree = "<group>"; };
		C873EF9E276C2FEF00C53FAB /* SF-Pro-Text-Regular.otf */ = {isa = PBXFileReference; lastKnownFileType = file; path = "SF-Pro-Text-Regular.otf"; sourceTree = "<group>"; };
		C873EFA0276C300500C53FAB /* SF-Pro-Display-Semibold.otf */ = {isa = PBXFileReference; lastKnownFileType = file; path = "SF-Pro-Display-Semibold.otf"; sourceTree = "<group>"; };
		C8C6BB1E276B358200406956 /* MyHabits.app */ = {isa = PBXFileReference; explicitFileType = wrapper.application; includeInIndex = 0; path = MyHabits.app; sourceTree = BUILT_PRODUCTS_DIR; };
		C8C6BB2F276B358300406956 /* Info.plist */ = {isa = PBXFileReference; lastKnownFileType = text.plist.xml; path = Info.plist; sourceTree = "<group>"; };
		C8C6BB35276B35E800406956 /* SceneDelegate.swift */ = {isa = PBXFileReference; fileEncoding = 4; lastKnownFileType = sourcecode.swift; path = SceneDelegate.swift; sourceTree = "<group>"; };
		C8C6BB36276B35E800406956 /* LaunchScreen.storyboard */ = {isa = PBXFileReference; fileEncoding = 4; lastKnownFileType = file.storyboard; path = LaunchScreen.storyboard; sourceTree = "<group>"; };
		C8C6BB38276B35E800406956 /* HabitsViewController.swift */ = {isa = PBXFileReference; fileEncoding = 4; lastKnownFileType = sourcecode.swift; path = HabitsViewController.swift; sourceTree = "<group>"; };
		C8C6BB39276B35E800406956 /* HabitCollectionViewCell.swift */ = {isa = PBXFileReference; fileEncoding = 4; lastKnownFileType = sourcecode.swift; path = HabitCollectionViewCell.swift; sourceTree = "<group>"; };
		C8C6BB3A276B35E800406956 /* ProgressCollectionViewCell.swift */ = {isa = PBXFileReference; fileEncoding = 4; lastKnownFileType = sourcecode.swift; path = ProgressCollectionViewCell.swift; sourceTree = "<group>"; };
		C8C6BB3C276B35E800406956 /* Constants.swift */ = {isa = PBXFileReference; fileEncoding = 4; lastKnownFileType = sourcecode.swift; path = Constants.swift; sourceTree = "<group>"; };
		C8C6BB3D276B35E800406956 /* CheckboxButton.swift */ = {isa = PBXFileReference; fileEncoding = 4; lastKnownFileType = sourcecode.swift; path = CheckboxButton.swift; sourceTree = "<group>"; };
		C8C6BB3E276B35E800406956 /* ExtensionsAndProtocols.swift */ = {isa = PBXFileReference; fileEncoding = 4; lastKnownFileType = sourcecode.swift; path = ExtensionsAndProtocols.swift; sourceTree = "<group>"; };
		C8C6BB40276B35E800406956 /* InfoViewController.swift */ = {isa = PBXFileReference; fileEncoding = 4; lastKnownFileType = sourcecode.swift; path = InfoViewController.swift; sourceTree = "<group>"; };
		C8C6BB41276B35E800406956 /* AppDelegate.swift */ = {isa = PBXFileReference; fileEncoding = 4; lastKnownFileType = sourcecode.swift; path = AppDelegate.swift; sourceTree = "<group>"; };
		C8C6BB42276B35E800406956 /* Assets.xcassets */ = {isa = PBXFileReference; lastKnownFileType = folder.assetcatalog; path = Assets.xcassets; sourceTree = "<group>"; };
		C8C6BB44276B35E800406956 /* HabitViewController.swift */ = {isa = PBXFileReference; fileEncoding = 4; lastKnownFileType = sourcecode.swift; path = HabitViewController.swift; sourceTree = "<group>"; };
		C8C6BB45276B35E800406956 /* EditHabitViewController.swift */ = {isa = PBXFileReference; fileEncoding = 4; lastKnownFileType = sourcecode.swift; path = EditHabitViewController.swift; sourceTree = "<group>"; };
		C8C6BB47276B35E800406956 /* HabitDetailsViewController.swift */ = {isa = PBXFileReference; fileEncoding = 4; lastKnownFileType = sourcecode.swift; path = HabitDetailsViewController.swift; sourceTree = "<group>"; };
		C8C6BB48276B35E800406956 /* HabitDetailsHeaderView.swift */ = {isa = PBXFileReference; fileEncoding = 4; lastKnownFileType = sourcecode.swift; path = HabitDetailsHeaderView.swift; sourceTree = "<group>"; };
		C8C6BB49276B35E800406956 /* HabitDetailsTableViewCell.swift */ = {isa = PBXFileReference; fileEncoding = 4; lastKnownFileType = sourcecode.swift; path = HabitDetailsTableViewCell.swift; sourceTree = "<group>"; };
		C8C6BB4B276B35E800406956 /* HabitsStore.swift */ = {isa = PBXFileReference; fileEncoding = 4; lastKnownFileType = sourcecode.swift; path = HabitsStore.swift; sourceTree = "<group>"; };
		C8C6BB4C276B35E800406956 /* Main.storyboard */ = {isa = PBXFileReference; fileEncoding = 4; lastKnownFileType = file.storyboard; path = Main.storyboard; sourceTree = "<group>"; };
/* End PBXFileReference section */

/* Begin PBXFrameworksBuildPhase section */
		C8C6BB1B276B358200406956 /* Frameworks */ = {
			isa = PBXFrameworksBuildPhase;
			buildActionMask = 2147483647;
			files = (
			);
			runOnlyForDeploymentPostprocessing = 0;
		};
/* End PBXFrameworksBuildPhase section */

/* Begin PBXGroup section */
		C8B382362771CC0F005E8170 /* App */ = {
			isa = PBXGroup;
			children = (
				C8C6BB41276B35E800406956 /* AppDelegate.swift */,
				C8C6BB35276B35E800406956 /* SceneDelegate.swift */,
			);
			path = App;
			sourceTree = "<group>";
		};
		C8B382372771CC1D005E8170 /* StoryBoards */ = {
			isa = PBXGroup;
			children = (
				C8C6BB36276B35E800406956 /* LaunchScreen.storyboard */,
				C8C6BB4C276B35E800406956 /* Main.storyboard */,
			);
			path = StoryBoards;
			sourceTree = "<group>";
		};
		C8C6BB15276B358200406956 = {
			isa = PBXGroup;
			children = (
				C8C6BB20276B358200406956 /* MyHabits */,
				C8C6BB1F276B358200406956 /* Products */,
			);
			sourceTree = "<group>";
		};
		C8C6BB1F276B358200406956 /* Products */ = {
			isa = PBXGroup;
			children = (
				C8C6BB1E276B358200406956 /* MyHabits.app */,
			);
			name = Products;
			sourceTree = "<group>";
		};
		C8C6BB20276B358200406956 /* MyHabits */ = {
			isa = PBXGroup;
			children = (
				C8B382362771CC0F005E8170 /* App */,
				C8C6BB61276B54B100406956 /* Fonts */,
				C8C6BB3B276B35E800406956 /* Features */,
				C8C6BB43276B35E800406956 /* Habit */,
				C8C6BB37276B35E800406956 /* HabitsCollection */,
				C8C6BB3F276B35E800406956 /* Info */,
				C8C6BB4A276B35E800406956 /* Store */,
				C8B382372771CC1D005E8170 /* StoryBoards */,
				C8C6BB42276B35E800406956 /* Assets.xcassets */,
				C8C6BB2F276B358300406956 /* Info.plist */,
			);
			path = MyHabits;
			sourceTree = "<group>";
		};
		C8C6BB37276B35E800406956 /* HabitsCollection */ = {
			isa = PBXGroup;
			children = (
				C8C6BB38276B35E800406956 /* HabitsViewController.swift */,
				C8C6BB39276B35E800406956 /* HabitCollectionViewCell.swift */,
				C8C6BB3A276B35E800406956 /* ProgressCollectionViewCell.swift */,
			);
			path = HabitsCollection;
			sourceTree = "<group>";
		};
		C8C6BB3B276B35E800406956 /* Features */ = {
			isa = PBXGroup;
			children = (
				C8C6BB3C276B35E800406956 /* Constants.swift */,
				C8C6BB3D276B35E800406956 /* CheckboxButton.swift */,
				C8C6BB3E276B35E800406956 /* ExtensionsAndProtocols.swift */,
			);
			path = Features;
			sourceTree = "<group>";
		};
		C8C6BB3F276B35E800406956 /* Info */ = {
			isa = PBXGroup;
			children = (
				C8C6BB40276B35E800406956 /* InfoViewController.swift */,
			);
			path = Info;
			sourceTree = "<group>";
		};
		C8C6BB43276B35E800406956 /* Habit */ = {
			isa = PBXGroup;
			children = (
				C8C6BB44276B35E800406956 /* HabitViewController.swift */,
				C8C6BB45276B35E800406956 /* EditHabitViewController.swift */,
				C8C6BB46276B35E800406956 /* HabitDetails */,
			);
			path = Habit;
			sourceTree = "<group>";
		};
		C8C6BB46276B35E800406956 /* HabitDetails */ = {
			isa = PBXGroup;
			children = (
				C8C6BB47276B35E800406956 /* HabitDetailsViewController.swift */,
				C8C6BB48276B35E800406956 /* HabitDetailsHeaderView.swift */,
				C8C6BB49276B35E800406956 /* HabitDetailsTableViewCell.swift */,
			);
			path = HabitDetails;
			sourceTree = "<group>";
		};
		C8C6BB4A276B35E800406956 /* Store */ = {
			isa = PBXGroup;
			children = (
				C8C6BB4B276B35E800406956 /* HabitsStore.swift */,
			);
			path = Store;
			sourceTree = "<group>";
		};
		C8C6BB61276B54B100406956 /* Fonts */ = {
			isa = PBXGroup;
			children = (
				C873EFA0276C300500C53FAB /* SF-Pro-Display-Semibold.otf */,
				C873EF9E276C2FEF00C53FAB /* SF-Pro-Text-Regular.otf */,
				C873EF9C276C2A5000C53FAB /* SF-Pro-Text-Semibold.otf */,
			);
			path = Fonts;
			sourceTree = "<group>";
		};
/* End PBXGroup section */

/* Begin PBXNativeTarget section */
		C8C6BB1D276B358200406956 /* MyHabits */ = {
			isa = PBXNativeTarget;
			buildConfigurationList = C8C6BB32276B358300406956 /* Build configuration list for PBXNativeTarget "MyHabits" */;
			buildPhases = (
				C8C6BB1A276B358200406956 /* Sources */,
				C8C6BB1B276B358200406956 /* Frameworks */,
				C8C6BB1C276B358200406956 /* Resources */,
			);
			buildRules = (
			);
			dependencies = (
			);
			name = MyHabits;
			productName = MyHabits;
			productReference = C8C6BB1E276B358200406956 /* MyHabits.app */;
			productType = "com.apple.product-type.application";
		};
/* End PBXNativeTarget section */

/* Begin PBXProject section */
		C8C6BB16276B358200406956 /* Project object */ = {
			isa = PBXProject;
			attributes = {
				BuildIndependentTargetsInParallel = 1;
				LastSwiftUpdateCheck = 1300;
				LastUpgradeCheck = 1300;
				TargetAttributes = {
					C8C6BB1D276B358200406956 = {
						CreatedOnToolsVersion = 13.0;
						LastSwiftMigration = 1300;
					};
				};
			};
			buildConfigurationList = C8C6BB19276B358200406956 /* Build configuration list for PBXProject "MyHabits" */;
			compatibilityVersion = "Xcode 13.0";
			developmentRegion = en;
			hasScannedForEncodings = 0;
			knownRegions = (
				en,
				Base,
			);
			mainGroup = C8C6BB15276B358200406956;
			productRefGroup = C8C6BB1F276B358200406956 /* Products */;
			projectDirPath = "";
			projectRoot = "";
			targets = (
				C8C6BB1D276B358200406956 /* MyHabits */,
			);
		};
/* End PBXProject section */

/* Begin PBXResourcesBuildPhase section */
		C8C6BB1C276B358200406956 /* Resources */ = {
			isa = PBXResourcesBuildPhase;
			buildActionMask = 2147483647;
			files = (
				C873EFA1276C300500C53FAB /* SF-Pro-Display-Semibold.otf in Resources */,
				C873EF9F276C2FEF00C53FAB /* SF-Pro-Text-Regular.otf in Resources */,
				C873EF9D276C2A5000C53FAB /* SF-Pro-Text-Semibold.otf in Resources */,
				C8C6BB5F276B35E800406956 /* Main.storyboard in Resources */,
				C8C6BB58276B35E800406956 /* Assets.xcassets in Resources */,
				C8C6BB4F276B35E800406956 /* LaunchScreen.storyboard in Resources */,
			);
			runOnlyForDeploymentPostprocessing = 0;
		};
/* End PBXResourcesBuildPhase section */

/* Begin PBXSourcesBuildPhase section */
		C8C6BB1A276B358200406956 /* Sources */ = {
			isa = PBXSourcesBuildPhase;
			buildActionMask = 2147483647;
			files = (
				C8C6BB5C276B35E800406956 /* HabitDetailsHeaderView.swift in Sources */,
				C8C6BB53276B35E800406956 /* Constants.swift in Sources */,
				C8C6BB4E276B35E800406956 /* SceneDelegate.swift in Sources */,
				C8C6BB5E276B35E800406956 /* HabitsStore.swift in Sources */,
				C8C6BB55276B35E800406956 /* ExtensionsAndProtocols.swift in Sources */,
				C8C6BB5A276B35E800406956 /* EditHabitViewController.swift in Sources */,
				C8C6BB5B276B35E800406956 /* HabitDetailsViewController.swift in Sources */,
				C8C6BB57276B35E800406956 /* AppDelegate.swift in Sources */,
				C8C6BB50276B35E800406956 /* HabitsViewController.swift in Sources */,
				C8C6BB52276B35E800406956 /* ProgressCollectionViewCell.swift in Sources */,
				C8C6BB54276B35E800406956 /* CheckboxButton.swift in Sources */,
				C8C6BB59276B35E800406956 /* HabitViewController.swift in Sources */,
				C8C6BB56276B35E800406956 /* InfoViewController.swift in Sources */,
				C8C6BB51276B35E800406956 /* HabitCollectionViewCell.swift in Sources */,
				C8C6BB5D276B35E800406956 /* HabitDetailsTableViewCell.swift in Sources */,
			);
			runOnlyForDeploymentPostprocessing = 0;
		};
/* End PBXSourcesBuildPhase section */

/* Begin XCBuildConfiguration section */
		C8C6BB30276B358300406956 /* Debug */ = {
			isa = XCBuildConfiguration;
			buildSettings = {
				ALWAYS_SEARCH_USER_PATHS = NO;
				CLANG_ANALYZER_NONNULL = YES;
				CLANG_ANALYZER_NUMBER_OBJECT_CONVERSION = YES_AGGRESSIVE;
				CLANG_CXX_LANGUAGE_STANDARD = "gnu++17";
				CLANG_CXX_LIBRARY = "libc++";
				CLANG_ENABLE_MODULES = YES;
				CLANG_ENABLE_OBJC_ARC = YES;
				CLANG_ENABLE_OBJC_WEAK = YES;
				CLANG_WARN_BLOCK_CAPTURE_AUTORELEASING = YES;
				CLANG_WARN_BOOL_CONVERSION = YES;
				CLANG_WARN_COMMA = YES;
				CLANG_WARN_CONSTANT_CONVERSION = YES;
				CLANG_WARN_DEPRECATED_OBJC_IMPLEMENTATIONS = YES;
				CLANG_WARN_DIRECT_OBJC_ISA_USAGE = YES_ERROR;
				CLANG_WARN_DOCUMENTATION_COMMENTS = YES;
				CLANG_WARN_EMPTY_BODY = YES;
				CLANG_WARN_ENUM_CONVERSION = YES;
				CLANG_WARN_INFINITE_RECURSION = YES;
				CLANG_WARN_INT_CONVERSION = YES;
				CLANG_WARN_NON_LITERAL_NULL_CONVERSION = YES;
				CLANG_WARN_OBJC_IMPLICIT_RETAIN_SELF = YES;
				CLANG_WARN_OBJC_LITERAL_CONVERSION = YES;
				CLANG_WARN_OBJC_ROOT_CLASS = YES_ERROR;
				CLANG_WARN_QUOTED_INCLUDE_IN_FRAMEWORK_HEADER = YES;
				CLANG_WARN_RANGE_LOOP_ANALYSIS = YES;
				CLANG_WARN_STRICT_PROTOTYPES = YES;
				CLANG_WARN_SUSPICIOUS_MOVE = YES;
				CLANG_WARN_UNGUARDED_AVAILABILITY = YES_AGGRESSIVE;
				CLANG_WARN_UNREACHABLE_CODE = YES;
				CLANG_WARN__DUPLICATE_METHOD_MATCH = YES;
				COPY_PHASE_STRIP = NO;
				DEBUG_INFORMATION_FORMAT = dwarf;
				ENABLE_STRICT_OBJC_MSGSEND = YES;
				ENABLE_TESTABILITY = YES;
				GCC_C_LANGUAGE_STANDARD = gnu11;
				GCC_DYNAMIC_NO_PIC = NO;
				GCC_NO_COMMON_BLOCKS = YES;
				GCC_OPTIMIZATION_LEVEL = 0;
				GCC_PREPROCESSOR_DEFINITIONS = (
					"DEBUG=1",
					"$(inherited)",
				);
				GCC_WARN_64_TO_32_BIT_CONVERSION = YES;
				GCC_WARN_ABOUT_RETURN_TYPE = YES_ERROR;
				GCC_WARN_UNDECLARED_SELECTOR = YES;
				GCC_WARN_UNINITIALIZED_AUTOS = YES_AGGRESSIVE;
				GCC_WARN_UNUSED_FUNCTION = YES;
				GCC_WARN_UNUSED_VARIABLE = YES;
				IPHONEOS_DEPLOYMENT_TARGET = 15.0;
				MTL_ENABLE_DEBUG_INFO = INCLUDE_SOURCE;
				MTL_FAST_MATH = YES;
				ONLY_ACTIVE_ARCH = YES;
				SDKROOT = iphoneos;
				SWIFT_ACTIVE_COMPILATION_CONDITIONS = DEBUG;
				SWIFT_OPTIMIZATION_LEVEL = "-Onone";
			};
			name = Debug;
		};
		C8C6BB31276B358300406956 /* Release */ = {
			isa = XCBuildConfiguration;
			buildSettings = {
				ALWAYS_SEARCH_USER_PATHS = NO;
				CLANG_ANALYZER_NONNULL = YES;
				CLANG_ANALYZER_NUMBER_OBJECT_CONVERSION = YES_AGGRESSIVE;
				CLANG_CXX_LANGUAGE_STANDARD = "gnu++17";
				CLANG_CXX_LIBRARY = "libc++";
				CLANG_ENABLE_MODULES = YES;
				CLANG_ENABLE_OBJC_ARC = YES;
				CLANG_ENABLE_OBJC_WEAK = YES;
				CLANG_WARN_BLOCK_CAPTURE_AUTORELEASING = YES;
				CLANG_WARN_BOOL_CONVERSION = YES;
				CLANG_WARN_COMMA = YES;
				CLANG_WARN_CONSTANT_CONVERSION = YES;
				CLANG_WARN_DEPRECATED_OBJC_IMPLEMENTATIONS = YES;
				CLANG_WARN_DIRECT_OBJC_ISA_USAGE = YES_ERROR;
				CLANG_WARN_DOCUMENTATION_COMMENTS = YES;
				CLANG_WARN_EMPTY_BODY = YES;
				CLANG_WARN_ENUM_CONVERSION = YES;
				CLANG_WARN_INFINITE_RECURSION = YES;
				CLANG_WARN_INT_CONVERSION = YES;
				CLANG_WARN_NON_LITERAL_NULL_CONVERSION = YES;
				CLANG_WARN_OBJC_IMPLICIT_RETAIN_SELF = YES;
				CLANG_WARN_OBJC_LITERAL_CONVERSION = YES;
				CLANG_WARN_OBJC_ROOT_CLASS = YES_ERROR;
				CLANG_WARN_QUOTED_INCLUDE_IN_FRAMEWORK_HEADER = YES;
				CLANG_WARN_RANGE_LOOP_ANALYSIS = YES;
				CLANG_WARN_STRICT_PROTOTYPES = YES;
				CLANG_WARN_SUSPICIOUS_MOVE = YES;
				CLANG_WARN_UNGUARDED_AVAILABILITY = YES_AGGRESSIVE;
				CLANG_WARN_UNREACHABLE_CODE = YES;
				CLANG_WARN__DUPLICATE_METHOD_MATCH = YES;
				COPY_PHASE_STRIP = NO;
				DEBUG_INFORMATION_FORMAT = "dwarf-with-dsym";
				ENABLE_NS_ASSERTIONS = NO;
				ENABLE_STRICT_OBJC_MSGSEND = YES;
				GCC_C_LANGUAGE_STANDARD = gnu11;
				GCC_NO_COMMON_BLOCKS = YES;
				GCC_WARN_64_TO_32_BIT_CONVERSION = YES;
				GCC_WARN_ABOUT_RETURN_TYPE = YES_ERROR;
				GCC_WARN_UNDECLARED_SELECTOR = YES;
				GCC_WARN_UNINITIALIZED_AUTOS = YES_AGGRESSIVE;
				GCC_WARN_UNUSED_FUNCTION = YES;
				GCC_WARN_UNUSED_VARIABLE = YES;
				IPHONEOS_DEPLOYMENT_TARGET = 15.0;
				MTL_ENABLE_DEBUG_INFO = NO;
				MTL_FAST_MATH = YES;
				SDKROOT = iphoneos;
				SWIFT_COMPILATION_MODE = wholemodule;
				SWIFT_OPTIMIZATION_LEVEL = "-O";
				VALIDATE_PRODUCT = YES;
			};
			name = Release;
		};
		C8C6BB33276B358300406956 /* Debug */ = {
			isa = XCBuildConfiguration;
			buildSettings = {
				ASSETCATALOG_COMPILER_APPICON_NAME = AppIcon;
				ASSETCATALOG_COMPILER_GLOBAL_ACCENT_COLOR_NAME = AccentColor;
				CLANG_ENABLE_MODULES = YES;
				CODE_SIGN_STYLE = Automatic;
				CURRENT_PROJECT_VERSION = 1;
				DEVELOPMENT_TEAM = AMP4K6VW86;
				GENERATE_INFOPLIST_FILE = YES;
				INFOPLIST_FILE = MyHabits/Info.plist;
				INFOPLIST_KEY_UIApplicationSupportsIndirectInputEvents = YES;
				INFOPLIST_KEY_UILaunchStoryboardName = LaunchScreen;
				INFOPLIST_KEY_UIMainStoryboardFile = Main;
				INFOPLIST_KEY_UISupportedInterfaceOrientations = UIInterfaceOrientationPortrait;
				INFOPLIST_KEY_UISupportedInterfaceOrientations_iPad = "UIInterfaceOrientationPortrait UIInterfaceOrientationPortraitUpsideDown UIInterfaceOrientationLandscapeLeft UIInterfaceOrientationLandscapeRight";
				INFOPLIST_KEY_UISupportedInterfaceOrientations_iPhone = "UIInterfaceOrientationPortrait UIInterfaceOrientationLandscapeLeft UIInterfaceOrientationLandscapeRight";
				LD_RUNPATH_SEARCH_PATHS = (
					"$(inherited)",
					"@executable_path/Frameworks",
				);
				MARKETING_VERSION = 1.0;
				PRODUCT_BUNDLE_IDENTIFIER = "YanSakhnevich.MyHabits-Project";
				PRODUCT_NAME = "$(TARGET_NAME)";
				SWIFT_EMIT_LOC_STRINGS = YES;
				SWIFT_OPTIMIZATION_LEVEL = "-Onone";
				SWIFT_VERSION = 5.0;
				TARGETED_DEVICE_FAMILY = 1;
			};
			name = Debug;
		};
		C8C6BB34276B358300406956 /* Release */ = {
			isa = XCBuildConfiguration;
			buildSettings = {
				ASSETCATALOG_COMPILER_APPICON_NAME = AppIcon;
				ASSETCATALOG_COMPILER_GLOBAL_ACCENT_COLOR_NAME = AccentColor;
				CLANG_ENABLE_MODULES = YES;
				CODE_SIGN_STYLE = Automatic;
				CURRENT_PROJECT_VERSION = 1;
				DEVELOPMENT_TEAM = AMP4K6VW86;
				GENERATE_INFOPLIST_FILE = YES;
				INFOPLIST_FILE = MyHabits/Info.plist;
				INFOPLIST_KEY_UIApplicationSupportsIndirectInputEvents = YES;
				INFOPLIST_KEY_UILaunchStoryboardName = LaunchScreen;
				INFOPLIST_KEY_UIMainStoryboardFile = Main;
				INFOPLIST_KEY_UISupportedInterfaceOrientations = UIInterfaceOrientationPortrait;
				INFOPLIST_KEY_UISupportedInterfaceOrientations_iPad = "UIInterfaceOrientationPortrait UIInterfaceOrientationPortraitUpsideDown UIInterfaceOrientationLandscapeLeft UIInterfaceOrientationLandscapeRight";
				INFOPLIST_KEY_UISupportedInterfaceOrientations_iPhone = "UIInterfaceOrientationPortrait UIInterfaceOrientationLandscapeLeft UIInterfaceOrientationLandscapeRight";
				LD_RUNPATH_SEARCH_PATHS = (
					"$(inherited)",
					"@executable_path/Frameworks",
				);
				MARKETING_VERSION = 1.0;
				PRODUCT_BUNDLE_IDENTIFIER = "YanSakhnevich.MyHabits-Project";
				PRODUCT_NAME = "$(TARGET_NAME)";
				SWIFT_EMIT_LOC_STRINGS = YES;
				SWIFT_VERSION = 5.0;
				TARGETED_DEVICE_FAMILY = 1;
			};
			name = Release;
		};
/* End XCBuildConfiguration section */

/* Begin XCConfigurationList section */
		C8C6BB19276B358200406956 /* Build configuration list for PBXProject "MyHabits" */ = {
			isa = XCConfigurationList;
			buildConfigurations = (
				C8C6BB30276B358300406956 /* Debug */,
				C8C6BB31276B358300406956 /* Release */,
			);
			defaultConfigurationIsVisible = 0;
			defaultConfigurationName = Release;
		};
		C8C6BB32276B358300406956 /* Build configuration list for PBXNativeTarget "MyHabits" */ = {
			isa = XCConfigurationList;
			buildConfigurations = (
				C8C6BB33276B358300406956 /* Debug */,
				C8C6BB34276B358300406956 /* Release */,
			);
			defaultConfigurationIsVisible = 0;
			defaultConfigurationName = Release;
		};
/* End XCConfigurationList section */
	};
	rootObject = C8C6BB16276B358200406956 /* Project object */;
}
